
Microsoft Visual Studio Solution File, Format Version 12.00
# Visual Studio Version 17
VisualStudioVersion = 17.1.32421.90
MinimumVisualStudioVersion = 10.0.40219.1
Project("{9A19103F-16F7-4668-BE54-9A1E7A4F7556}") = "Entity", "AdoNet\Entity.csproj", "{11F1D182-4698-4535-AC87-9DC383B471FA}"
EndProject
Project("{9A19103F-16F7-4668-BE54-9A1E7A4F7556}") = "DapperProject", "Dapper\DapperProject.csproj", "{7CBC3E6A-D91F-4B32-B65F-86002ED5C32B}"
EndProject
Global
	GlobalSection(SolutionConfigurationPlatforms) = preSolution
		Debug|Any CPU = Debug|Any CPU
		Release|Any CPU = Release|Any CPU
	EndGlobalSection
	GlobalSection(ProjectConfigurationPlatforms) = postSolution
		{11F1D182-4698-4535-AC87-9DC383B471FA}.Debug|Any CPU.ActiveCfg = Debug|Any CPU
		{11F1D182-4698-4535-AC87-9DC383B471FA}.Debug|Any CPU.Build.0 = Debug|Any CPU
		{11F1D182-4698-4535-AC87-9DC383B471FA}.Release|Any CPU.ActiveCfg = Release|Any CPU
		{11F1D182-4698-4535-AC87-9DC383B471FA}.Release|Any CPU.Build.0 = Release|Any CPU
		{7CBC3E6A-D91F-4B32-B65F-86002ED5C32B}.Debug|Any CPU.ActiveCfg = Debug|Any CPU
		{7CBC3E6A-D91F-4B32-B65F-86002ED5C32B}.Debug|Any CPU.Build.0 = Debug|Any CPU
		{7CBC3E6A-D91F-4B32-B65F-86002ED5C32B}.Release|Any CPU.ActiveCfg = Release|Any CPU
		{7CBC3E6A-D91F-4B32-B65F-86002ED5C32B}.Release|Any CPU.Build.0 = Release|Any CPU
	EndGlobalSection
	GlobalSection(SolutionProperties) = preSolution
		HideSolutionNode = FALSE
	EndGlobalSection
	GlobalSection(ExtensibilityGlobals) = postSolution
		SolutionGuid = {21A35D59-3AAD-4F82-900A-5A01583708F3}
	EndGlobalSection
EndGlobal
